Microsoft Visual Studio Solution File, Format Version 12.00
# Visual Studio 2013
VisualStudioVersion = 12.0.31101.0
MinimumVisualStudioVersion = 10.0.40219.1
Project("{FAE04EC0-301F-11D3-BF4B-00C04F79EFBC}") = "PuppetMasterGui", "PuppetMaster\PuppetMasterGui.csproj", "{E225DB27-1D5D-4D2F-AC45-4CE16A0C39A3}"
EndProject
Project("{FAE04EC0-301F-11D3-BF4B-00C04F79EFBC}") = "PuppetMasterLib", "PuppetMasterLib\PuppetMasterLib.csproj", "{69023AA7-1100-432E-A85F-1599B8E07A6E}"
EndProject
Project("{FAE04EC0-301F-11D3-BF4B-00C04F79EFBC}") = "Common", "Common\Common.csproj", "{286C72D6-77FD-4746-B4B6-205B79133453}"
EndProject
Project("{FAE04EC0-301F-11D3-BF4B-00C04F79EFBC}") = "ClientLib", "Client\ClientLib.csproj", "{DEC1B207-E162-40EC-AA63-B6BB8069A686}"
EndProject
Project("{FAE04EC0-301F-11D3-BF4B-00C04F79EFBC}") = "NodeConsole", "NodeConsole\NodeConsole.csproj", "{7728ADBF-2297-477D-B84D-0704F2A8D39D}"
EndProject
Project("{FAE04EC0-301F-11D3-BF4B-00C04F79EFBC}") = "ClientApplication", "ClientApplication\ClientApplication.csproj", "{95011513-1DA4-4EE4-A45E-ACAF3F750B85}"
EndProject
Global
	GlobalSection(SolutionConfigurationPlatforms) = preSolution
		Debug|Any CPU = Debug|Any CPU
		Release|Any CPU = Release|Any CPU
	EndGlobalSection
	GlobalSection(ProjectConfigurationPlatforms) = postSolution
		{E225DB27-1D5D-4D2F-AC45-4CE16A0C39A3}.Debug|Any CPU.ActiveCfg = Debug|Any CPU
		{E225DB27-1D5D-4D2F-AC45-4CE16A0C39A3}.Debug|Any CPU.Build.0 = Debug|Any CPU
		{E225DB27-1D5D-4D2F-AC45-4CE16A0C39A3}.Release|Any CPU.ActiveCfg = Release|Any CPU
		{E225DB27-1D5D-4D2F-AC45-4CE16A0C39A3}.Release|Any CPU.Build.0 = Release|Any CPU
		{69023AA7-1100-432E-A85F-1599B8E07A6E}.Debug|Any CPU.ActiveCfg = Debug|Any CPU
		{69023AA7-1100-432E-A85F-1599B8E07A6E}.Debug|Any CPU.Build.0 = Debug|Any CPU
		{69023AA7-1100-432E-A85F-1599B8E07A6E}.Release|Any CPU.ActiveCfg = Release|Any CPU
		{69023AA7-1100-432E-A85F-1599B8E07A6E}.Release|Any CPU.Build.0 = Release|Any CPU
		{286C72D6-77FD-4746-B4B6-205B79133453}.Debug|Any CPU.ActiveCfg = Debug|Any CPU
		{286C72D6-77FD-4746-B4B6-205B79133453}.Debug|Any CPU.Build.0 = Debug|Any CPU
		{286C72D6-77FD-4746-B4B6-205B79133453}.Release|Any CPU.ActiveCfg = Release|Any CPU
		{286C72D6-77FD-4746-B4B6-205B79133453}.Release|Any CPU.Build.0 = Release|Any CPU
		{DEC1B207-E162-40EC-AA63-B6BB8069A686}.Debug|Any CPU.ActiveCfg = Debug|Any CPU
		{DEC1B207-E162-40EC-AA63-B6BB8069A686}.Debug|Any CPU.Build.0 = Debug|Any CPU
		{DEC1B207-E162-40EC-AA63-B6BB8069A686}.Release|Any CPU.ActiveCfg = Release|Any CPU
		{DEC1B207-E162-40EC-AA63-B6BB8069A686}.Release|Any CPU.Build.0 = Release|Any CPU
		{7728ADBF-2297-477D-B84D-0704F2A8D39D}.Debug|Any CPU.ActiveCfg = Debug|Any CPU
		{7728ADBF-2297-477D-B84D-0704F2A8D39D}.Debug|Any CPU.Build.0 = Debug|Any CPU
		{7728ADBF-2297-477D-B84D-0704F2A8D39D}.Release|Any CPU.ActiveCfg = Release|Any CPU
		{7728ADBF-2297-477D-B84D-0704F2A8D39D}.Release|Any CPU.Build.0 = Release|Any CPU
		{95011513-1DA4-4EE4-A45E-ACAF3F750B85}.Debug|Any CPU.ActiveCfg = Debug|Any CPU
		{95011513-1DA4-4EE4-A45E-ACAF3F750B85}.Debug|Any CPU.Build.0 = Debug|Any CPU
		{95011513-1DA4-4EE4-A45E-ACAF3F750B85}.Release|Any CPU.ActiveCfg = Release|Any CPU
		{95011513-1DA4-4EE4-A45E-ACAF3F750B85}.Release|Any CPU.Build.0 = Release|Any CPU
	EndGlobalSection
	GlobalSection(SolutionProperties) = preSolution
		HideSolutionNode = FALSE
	EndGlobalSection
EndGlobal
